# This file is autogenerated, do not edit; changes may be undone by the next 'dep ensure'.


[[projects]]
  digest = "1:e85c733f47f7e633fce4eb46a3b2d3616dd95517dcf670ba36bb6da0394dbf16"
  name = "github.com/anaskhan96/soup"
  packages = ["."]
  pruneopts = "UT"
  revision = "cd07662ec9300d16d2ece1c24b0b29ad89f65ff4"
  version = "v1.1"

[[projects]]
  digest = "1:db23aee6f0ff15fbcd0559d660f91d6b738baeeca46d953396b2fdcec93e1260"
  name = "github.com/jung-kurt/gofpdf"
  packages = ["."]
  pruneopts = "UT"
  revision = "14c1db30737a138f8d9797cffea58783892b2fae"
  version = "v1.0.0"

[[projects]]
  branch = "master"
  digest = "1:ded79ae4dc43f8382f782459c8082f8910e5002fc04a492e98c7a72734ae0dc5"
  name = "github.com/mitchellh/colorstring"
  packages = ["."]
  pruneopts = "UT"
  revision = "8631ce90f28644f54aeedcb3e389a85174e067d1"

[[projects]]
  digest = "1:c051b140ebb357d8c66ecb4a73968032bf5e19d4287959c4456064ec0511ea54"
  name = "github.com/schollz/progressbar"
  packages = ["."]
  pruneopts = "UT"
  revision = "74139f27599a71483b4fb521aac2e20db2a5f1c6"
  version = "v2.7.1"

[[projects]]
  branch = "master"
  digest = "1:1a1ecfa7b54ca3f7a0115ab5c578d7d6a5d8b605839c549e80260468c42f8be7"
  name = "golang.org/x/net"
  packages = [
    "html",
    "html/atom",
  ]
  pruneopts = "UT"
  revision = "adae6a3d119ae4890b46832a2e88a95adc62b8e7"

[solve-meta]
  analyzer-name = "dep"
  analyzer-version = 1
  input-imports = [
    "github.com/anaskhan96/soup",
    "github.com/jung-kurt/gofpdf",
    "github.com/schollz/progressbar",
  ]
  solver-name = "gps-cdcl"
  solver-version = 1
