# This file is autogenerated, do not edit; changes may be undone by the next 'dep ensure'.


[[projects]]
  branch = "master"
  digest = "1:e65c06cc6d83c5299625a4b4cbc2962c6e946dd1c86350cc87fe0dc5440c2a19"
  name = "fyne.io/fyne"
  packages = [
    ".",
    "app",
    "canvas",
    "driver/desktop",
    "internal",
    "internal/app",
    "internal/driver",
    "internal/driver/gl",
    "layout",
    "test",
    "theme",
    "widget",
  ]
  pruneopts = "T"
  revision = "574223791b58035de953baa11dcb1213e213b0b0"

[[projects]]
  branch = "master"
  digest = "1:8e3d57d666543ec44dc03bc31ff80f7afe828427b7ca4c9dc190332596b565e7"
  name = "github.com/BakeRolls/mri"
  packages = ["."]
  pruneopts = "T"
  revision = "438a0b611ec00f1452fcc017a6ee4c07a07dd119"

[[projects]]
  digest = "1:42a177f768efa29d779518b18f6d126f9f257350679d65b17517e383e9927d1e"
  name = "github.com/Girbons/mangarock"
  packages = ["."]
  pruneopts = "T"
  revision = "6d9a691f45642a002102b9155a909b49d444433e"
  version = "1.2.3"

[[projects]]
  digest = "1:2ee9402b4b099660c3a57ae4b756e14fa28b679adec45ca9b29cc96cd91345c1"
  name = "github.com/anaskhan96/soup"
  packages = ["."]
  pruneopts = "T"
  revision = "50123c340ba50505026229a3fb7e0bc5343e7e4d"
  version = "v1.1.1"

[[projects]]
  digest = "1:43b4dd76c0b769c2a3b2bd27ab2a23cb46617ce4261ff4d41875973eb13e3dcf"
  name = "github.com/bmaupin/go-epub"
  packages = ["."]
  pruneopts = "T"
  revision = "f15a3ab1ad2aa85e05a87ca7a1647f7c2067afaf"
  version = "v0.5.0"

[[projects]]
  digest = "1:9f42202ac457c462ad8bb9642806d275af9ab4850cf0b1960b9c6f083d4a309a"
  name = "github.com/davecgh/go-spew"
  packages = ["spew"]
  pruneopts = "T"
  revision = "8991bc29aa16c548c550c7ff78260e27b9ab7c73"
  version = "v1.1.1"

[[projects]]
  digest = "1:255d728bdf7e4f0afa199d49cdc5c713a3e91ab46d509a07fcbdf5552a8e3438"
  name = "github.com/dsnet/compress"
  packages = [
    ".",
    "bzip2",
    "bzip2/internal/sais",
    "internal",
    "internal/errors",
    "internal/prefix",
  ]
  pruneopts = "T"
  revision = "da652975a8eea9fa0735aba8056747a751db0bd3"
  version = "v0.0.1"

[[projects]]
  branch = "master"
  digest = "1:b381f42ff2aa50a63ba08355211e9543b03da2651f887c7ff66efc4dd3e4a46a"
  name = "github.com/go-gl/gl"
  packages = ["v3.2-core/gl"]
  pruneopts = "T"
  revision = "bf2b1f2f34d7f6a60a99a830f65dcd6afb0c6587"

[[projects]]
  branch = "master"
  digest = "1:3fd005edbb2442c8f8e4c0fecda63337878ea918c7e6dfa3df2ce94d47800649"
  name = "github.com/go-gl/glfw"
  packages = ["v3.2/glfw"]
  pruneopts = "T"
  revision = "e6da0acd62b1b57ee2799d4d0a76a7d4514dc5bc"

[[projects]]
  digest = "1:f330410f832cfdb001805dd4838ecd5c803374b62c8a85914f3234fe593a03f2"
  name = "github.com/gofrs/uuid"
  packages = ["."]
  pruneopts = "T"
  revision = "6b08a5c5172ba18946672b49749cde22873dd7c2"
  version = "v3.2.0"

[[projects]]
  branch = "master"
  digest = "1:bcb40379634f750ac01f55f3f46316617b1f01bb10798d237f9437798283bac6"
  name = "github.com/goki/freetype"
  packages = [
    ".",
    "raster",
    "truetype",
  ]
  pruneopts = "T"
  revision = "fa8a33aabaff00cee178fe14212e0a308a87ea5d"

[[projects]]
  digest = "1:f37c069fadbaa889f79aea9cd463d225000a0d26f1e7423f14c0cd58fbc5c597"
  name = "github.com/golang/snappy"
  packages = ["."]
  pruneopts = "T"
  revision = "2a8bb927dd31d8daada140a5d09578521ce5c36a"
  version = "v0.0.1"

[[projects]]
  digest = "1:6b19759ed1fa8270ecf94b9fd72092e56e395416ee3d3f4164151d1852282fea"
  name = "github.com/jung-kurt/gofpdf"
  packages = ["."]
  pruneopts = "T"
  revision = "ce45bb4bec076e7fbc3da704e7dd331526bba782"
  version = "v2.4.0"

[[projects]]
  digest = "1:31e761d97c76151dde79e9d28964a812c46efc5baee4085b86f68f0c654450de"
  name = "github.com/konsorten/go-windows-terminal-sequences"
  packages = ["."]
  pruneopts = "T"
  revision = "f55edac94c9bbba5d6182a4be46d86a2c9b5b50e"
  version = "v1.0.2"

[[projects]]
  digest = "1:35e258829553c31a8d0a0b62371a32a8784d59300b82153524591e896207a434"
  name = "github.com/mholt/archiver"
  packages = ["."]
  pruneopts = "T"
  revision = "d572b2e8b82726cee9476d1b9d63a7fe9b601ff1"
  version = "v3.1.1"

[[projects]]
  branch = "master"
  digest = "1:f7fe69581040ed4bb2d5444e3b53088f5c458e2e242e0ae44bd90bc3aa019462"
  name = "github.com/mitchellh/colorstring"
  packages = ["."]
  pruneopts = "T"
  revision = "d06e56a500db4d08c33db0b79461e7c9beafca2d"

[[projects]]
  digest = "1:b93a939355dc613ca1c23bf39f6d4c207da431a31dd8af001cc334ad24cab9d3"
  name = "github.com/nwaples/rardecode"
  packages = ["."]
  pruneopts = "T"
  revision = "cc3e4b2381762c56dbcdf9f93be03349a1dc1c14"
  version = "v1.0.0"

[[projects]]
  digest = "1:175102bb66f231116abb378ede52a799138b26fa861a9c55edd4d0e872e74ace"
  name = "github.com/pierrec/lz4"
  packages = [
    ".",
    "internal/xxh32",
  ]
  pruneopts = "T"
  revision = "d705d4371bfccdf47f10e45584e896026c83616f"
  version = "v2.2.3"

[[projects]]
  digest = "1:cf31692c14422fa27c83a05292eb5cbe0fb2775972e8f1f8446a71549bd8980b"
  name = "github.com/pkg/errors"
  packages = ["."]
  pruneopts = "T"
  revision = "ba968bfe8b2f7e042a574c888954fccecfa385b4"
  version = "v0.8.1"

[[projects]]
  digest = "1:22aa691fe0213cb5c07d103f9effebcb7ad04bee45a0ce5fe5369d0ca2ec3a1f"
  name = "github.com/pmezard/go-difflib"
  packages = ["difflib"]
  pruneopts = "T"
  revision = "792786c7400a136282c1664665ae0a8db921c6c2"
  version = "v1.0.0"

[[projects]]
  digest = "1:269a8fec0cec4a112adb6cd34957cff428d5f41c6746cdf23caddb8be0c5e74a"
  name = "github.com/schollz/progressbar"
  packages = ["."]
  pruneopts = "T"
  revision = "8607ead5339fbde7efa7dafff8e2d4b5e3cd046b"
  version = "v2.12.1"

[[projects]]
  digest = "1:c3498d1186a4f84897812aa2dccfbd5d805955846f2cd020aa384bf0b218e9e9"
  name = "github.com/sirupsen/logrus"
  packages = ["."]
  pruneopts = "T"
  revision = "8bdbc7bcc01dcbb8ec23dc8a28e332258d25251f"
  version = "v1.4.1"

[[projects]]
  branch = "master"
  digest = "1:3660ee14a3c1af943f9bb0035d47595f5d3f6c65b38f91c7b5428f9b6ba53302"
  name = "github.com/srwiley/oksvg"
  packages = ["."]
  pruneopts = "T"
  revision = "c520f0a6c5ccb7ec7e11abc378c3372b90983860"

[[projects]]
  branch = "master"
  digest = "1:7e354dd398dd9821cdfd23f789e5103d59160fa0bbced0f8a9a974c7ce095072"
  name = "github.com/srwiley/rasterx"
  packages = ["."]
  pruneopts = "T"
  revision = "696f7edb7a7e4e799b36c09994a73877d92b9637"

[[projects]]
  digest = "1:17c4ccf5cdb1627aaaeb5c1725cb13aec97b63ea2033d4a6824dcaedf94223dc"
  name = "github.com/stretchr/testify"
  packages = ["assert"]
  pruneopts = "T"
  revision = "ffdc059bfe9ce6a4e144ba849dbedead332c6053"
  version = "v1.3.0"

[[projects]]
  digest = "1:8c2e44301015aff007b211d2fb03b4ac899ca2d9db1c5e40c456d3c60c1ea867"
  name = "github.com/ulikunitz/xz"
  packages = [
    ".",
    "internal/hash",
    "internal/xlog",
    "lzma",
  ]
  pruneopts = "T"
  revision = "6f934d456d51e742b4eeab20d925a827ef22320a"
  version = "v0.5.6"

[[projects]]
  branch = "master"
  digest = "1:b25ff08ff1a5538514a1ebe3d7b0feb743379d56d703149207675526f0df4e92"
  name = "github.com/xi2/xz"
  packages = ["."]
  pruneopts = "T"
  revision = "48954b6210f8d154cb5f8484d3a3e1f83489309e"

[[projects]]
  branch = "master"
  digest = "1:4b8e03c45c09356fd5ad7e02cf9d6db02887ce1776164f38871515b686aabbe1"
  name = "golang.org/x/image"
  packages = [
    "colornames",
    "font",
    "math/fixed",
    "riff",
    "vector",
    "vp8",
    "vp8l",
    "webp",
  ]
  pruneopts = "T"
  revision = "6d32002ffd7577f23673706728e1c510698cecb1"

[[projects]]
  branch = "master"
  digest = "1:781c99982e2ea11f187879185810a49ebe38cfb2396e0fa893c2c0f45bee1fc3"
  name = "golang.org/x/net"
  packages = [
    "html",
    "html/atom",
    "html/charset",
  ]
  pruneopts = "T"
  revision = "f4e77d36d62c17c2336347bb2670ddbd02d092b7"

[[projects]]
  branch = "master"
  digest = "1:806eb961a8aae18aa1b94d024f8da68cd5cab4be262009257c513da8eab91495"
  name = "golang.org/x/sys"
  packages = ["unix"]
  pruneopts = "T"
  revision = "ca7f33d4116e3a1f9425755d6a44e7ed9b4c97df"

[[projects]]
  digest = "1:0a6103b1dc59b52f7e64a491b398b854c0fcaacde43c25ce468610a64311b72d"
  name = "golang.org/x/text"
  packages = [
    "encoding",
    "encoding/charmap",
    "encoding/htmlindex",
    "encoding/internal",
    "encoding/internal/identifier",
    "encoding/japanese",
    "encoding/korean",
    "encoding/simplifiedchinese",
    "encoding/traditionalchinese",
    "encoding/unicode",
    "internal/gen",
    "internal/language",
    "internal/language/compact",
    "internal/tag",
    "internal/utf8internal",
    "language",
    "runes",
    "transform",
    "unicode/cldr",
  ]
  pruneopts = "T"
  revision = "342b2e1fbaa52c93f31447ad2c6abc048c63e475"
  version = "v0.3.2"

[solve-meta]
  analyzer-name = "dep"
  analyzer-version = 1
  input-imports = [
    "fyne.io/fyne",
    "fyne.io/fyne/app",
    "fyne.io/fyne/layout",
    "fyne.io/fyne/widget",
    "github.com/BakeRolls/mri",
    "github.com/Girbons/mangarock",
    "github.com/anaskhan96/soup",
    "github.com/bmaupin/go-epub",
    "github.com/jung-kurt/gofpdf",
    "github.com/mholt/archiver",
    "github.com/schollz/progressbar",
    "github.com/sirupsen/logrus",
    "github.com/stretchr/testify/assert",
  ]
  solver-name = "gps-cdcl"
  solver-version = 1
